
Microsoft Visual Studio Solution File, Format Version 12.00
# Visual Studio Version 17
VisualStudioVersion = 17.9.34902.65
MinimumVisualStudioVersion = 10.0.40219.1
Project("{9A19103F-16F7-4668-BE54-9A1E7A4F7556}") = "CourseApi", "CourseApi.csproj", "{0BDDBE9A-B54C-4B6D-96C8-A9284E030CF6}"
EndProject
Project("{FAE04EC0-301F-11D3-BF4B-00C04F79EFBC}") = "CourseApiData", "..\CourseApiData\CourseApiData.csproj", "{F781819F-387C-4588-B93E-B51A33EF2FF0}"
EndProject
Project("{FAE04EC0-301F-11D3-BF4B-00C04F79EFBC}") = "CourseApiService", "..\CourseApiService\CourseApiService.csproj", "{3C819675-226E-4135-A151-66126E232D40}"
EndProject
Global
	GlobalSection(SolutionConfigurationPlatforms) = preSolution
		Debug|Any CPU = Debug|Any CPU
		Release|Any CPU = Release|Any CPU
	EndGlobalSection
	GlobalSection(ProjectConfigurationPlatforms) = postSolution
		{0BDDBE9A-B54C-4B6D-96C8-A9284E030CF6}.Debug|Any CPU.ActiveCfg = Debug|Any CPU
		{0BDDBE9A-B54C-4B6D-96C8-A9284E030CF6}.Debug|Any CPU.Build.0 = Debug|Any CPU
		{0BDDBE9A-B54C-4B6D-96C8-A9284E030CF6}.Release|Any CPU.ActiveCfg = Release|Any CPU
		{0BDDBE9A-B54C-4B6D-96C8-A9284E030CF6}.Release|Any CPU.Build.0 = Release|Any CPU
		{F781819F-387C-4588-B93E-B51A33EF2FF0}.Debug|Any CPU.ActiveCfg = Debug|Any CPU
		{F781819F-387C-4588-B93E-B51A33EF2FF0}.Debug|Any CPU.Build.0 = Debug|Any CPU
		{F781819F-387C-4588-B93E-B51A33EF2FF0}.Release|Any CPU.ActiveCfg = Release|Any CPU
		{F781819F-387C-4588-B93E-B51A33EF2FF0}.Release|Any CPU.Build.0 = Release|Any CPU
		{3C819675-226E-4135-A151-66126E232D40}.Debug|Any CPU.ActiveCfg = Debug|Any CPU
		{3C819675-226E-4135-A151-66126E232D40}.Debug|Any CPU.Build.0 = Debug|Any CPU
		{3C819675-226E-4135-A151-66126E232D40}.Release|Any CPU.ActiveCfg = Release|Any CPU
		{3C819675-226E-4135-A151-66126E232D40}.Release|Any CPU.Build.0 = Release|Any CPU
	EndGlobalSection
	GlobalSection(SolutionProperties) = preSolution
		HideSolutionNode = FALSE
	EndGlobalSection
	GlobalSection(ExtensibilityGlobals) = postSolution
		SolutionGuid = {423DB2B9-1D4D-45A9-80F0-BBCA76C14E3B}
	EndGlobalSection
EndGlobal
