
Microsoft Visual Studio Solution File, Format Version 12.00
# Visual Studio Version 17
VisualStudioVersion = 17.9.34902.65
MinimumVisualStudioVersion = 10.0.40219.1
Project("{9A19103F-16F7-4668-BE54-9A1E7A4F7556}") = "DataAccess", "DataAccess\DataAccess.csproj", "{96F4B01E-EF41-4B53-A673-29411DDAD433}"
EndProject
Project("{9A19103F-16F7-4668-BE54-9A1E7A4F7556}") = "Business", "Business\Business.csproj", "{573E8C65-E549-4917-A420-C859C3340374}"
EndProject
Project("{9A19103F-16F7-4668-BE54-9A1E7A4F7556}") = "Entities", "Entities\Entities.csproj", "{186C574B-AA6F-48BD-846D-97B268D1C3D1}"
EndProject
Project("{9A19103F-16F7-4668-BE54-9A1E7A4F7556}") = "ConsoleUI", "ConsoleUI\ConsoleUI.csproj", "{BED5B652-9833-435C-A571-8DE3D8512BD5}"
EndProject
Project("{FAE04EC0-301F-11D3-BF4B-00C04F79EFBC}") = "Core", "Core\Core.csproj", "{6BC7544D-45A8-4937-A516-C0C6B4E8D566}"
EndProject
Global
	GlobalSection(SolutionConfigurationPlatforms) = preSolution
		Debug|Any CPU = Debug|Any CPU
		Release|Any CPU = Release|Any CPU
	EndGlobalSection
	GlobalSection(ProjectConfigurationPlatforms) = postSolution
		{96F4B01E-EF41-4B53-A673-29411DDAD433}.Debug|Any CPU.ActiveCfg = Debug|Any CPU
		{96F4B01E-EF41-4B53-A673-29411DDAD433}.Debug|Any CPU.Build.0 = Debug|Any CPU
		{96F4B01E-EF41-4B53-A673-29411DDAD433}.Release|Any CPU.ActiveCfg = Release|Any CPU
		{96F4B01E-EF41-4B53-A673-29411DDAD433}.Release|Any CPU.Build.0 = Release|Any CPU
		{573E8C65-E549-4917-A420-C859C3340374}.Debug|Any CPU.ActiveCfg = Debug|Any CPU
		{573E8C65-E549-4917-A420-C859C3340374}.Debug|Any CPU.Build.0 = Debug|Any CPU
		{573E8C65-E549-4917-A420-C859C3340374}.Release|Any CPU.ActiveCfg = Release|Any CPU
		{573E8C65-E549-4917-A420-C859C3340374}.Release|Any CPU.Build.0 = Release|Any CPU
		{186C574B-AA6F-48BD-846D-97B268D1C3D1}.Debug|Any CPU.ActiveCfg = Debug|Any CPU
		{186C574B-AA6F-48BD-846D-97B268D1C3D1}.Debug|Any CPU.Build.0 = Debug|Any CPU
		{186C574B-AA6F-48BD-846D-97B268D1C3D1}.Release|Any CPU.ActiveCfg = Release|Any CPU
		{186C574B-AA6F-48BD-846D-97B268D1C3D1}.Release|Any CPU.Build.0 = Release|Any CPU
		{BED5B652-9833-435C-A571-8DE3D8512BD5}.Debug|Any CPU.ActiveCfg = Debug|Any CPU
		{BED5B652-9833-435C-A571-8DE3D8512BD5}.Debug|Any CPU.Build.0 = Debug|Any CPU
		{BED5B652-9833-435C-A571-8DE3D8512BD5}.Release|Any CPU.ActiveCfg = Release|Any CPU
		{BED5B652-9833-435C-A571-8DE3D8512BD5}.Release|Any CPU.Build.0 = Release|Any CPU
		{6BC7544D-45A8-4937-A516-C0C6B4E8D566}.Debug|Any CPU.ActiveCfg = Debug|Any CPU
		{6BC7544D-45A8-4937-A516-C0C6B4E8D566}.Debug|Any CPU.Build.0 = Debug|Any CPU
		{6BC7544D-45A8-4937-A516-C0C6B4E8D566}.Release|Any CPU.ActiveCfg = Release|Any CPU
		{6BC7544D-45A8-4937-A516-C0C6B4E8D566}.Release|Any CPU.Build.0 = Release|Any CPU
	EndGlobalSection
	GlobalSection(SolutionProperties) = preSolution
		HideSolutionNode = FALSE
	EndGlobalSection
	GlobalSection(ExtensibilityGlobals) = postSolution
		SolutionGuid = {69CA33F0-F214-4FE4-936C-AEB7537ADA1F}
	EndGlobalSection
EndGlobal
